// !$*UTF8*$!
{
	archiveVersion = 1;
	classes = {
	};
	objectVersion = 46;
	objects = {

/* Begin PBXBuildFile section */
		032E76341B5404FB00500C79 /* AppDelegate.swift in Sources */ = {isa = PBXBuildFile; fileRef = 032E76331B5404FB00500C79 /* AppDelegate.swift */; };
		032E76361B5404FB00500C79 /* ViewController.swift in Sources */ = {isa = PBXBuildFile; fileRef = 032E76351B5404FB00500C79 /* ViewController.swift */; };
		032E76391B5404FB00500C79 /* Main.storyboard in Resources */ = {isa = PBXBuildFile; fileRef = 032E76371B5404FB00500C79 /* Main.storyboard */; };
		032E763B1B5404FB00500C79 /* Images.xcassets in Resources */ = {isa = PBXBuildFile; fileRef = 032E763A1B5404FB00500C79 /* Images.xcassets */; };
		032E763E1B5404FB00500C79 /* LaunchScreen.xib in Resources */ = {isa = PBXBuildFile; fileRef = 032E763C1B5404FB00500C79 /* LaunchScreen.xib */; };
		032E764A1B5404FB00500C79 /* ObjCtoSwift_CollectionView_SimpleTests.swift in Sources */ = {isa = PBXBuildFile; fileRef = 032E76491B5404FB00500C79 /* ObjCtoSwift_CollectionView_SimpleTests.swift */; };
/* End PBXBuildFile section */

/* Begin PBXContainerItemProxy section */
		032E76441B5404FB00500C79 /* PBXContainerItemProxy */ = {
			isa = PBXContainerItemProxy;
			containerPortal = 032E76261B5404FA00500C79 /* Project object */;
			proxyType = 1;
			remoteGlobalIDString = 032E762D1B5404FB00500C79;
			remoteInfo = "ObjCtoSwift_CollectionView-Simple";
		};
/* End PBXContainerItemProxy section */

/* Begin PBXFileReference section */
		032E762E1B5404FB00500C79 /* ObjCtoSwift_CollectionView-Simple.app */ = {isa = PBXFileReference; explicitFileType = wrapper.application; includeInIndex = 0; path = "ObjCtoSwift_CollectionView-Simple.app"; sourceTree = BUILT_PRODUCTS_DIR; };
		032E76321B5404FB00500C79 /* Info.plist */ = {isa = PBXFileReference; lastKnownFileType = text.plist.xml; path = Info.plist; sourceTree = "<group>"; };
		032E76331B5404FB00500C79 /* AppDelegate.swift */ = {isa = PBXFileReference; lastKnownFileType = sourcecode.swift; path = AppDelegate.swift; sourceTree = "<group>"; };
		032E76351B5404FB00500C79 /* ViewController.swift */ = {isa = PBXFileReference; lastKnownFileType = sourcecode.swift; path = ViewController.swift; sourceTree = "<group>"; };
		032E76381B5404FB00500C79 /* Base */ = {isa = PBXFileReference; lastKnownFileType = file.storyboard; name = Base; path = Base.lproj/Main.storyboard; sourceTree = "<group>"; };
		032E763A1B5404FB00500C79 /* Images.xcassets */ = {isa = PBXFileReference; lastKnownFileType = folder.assetcatalog; path = Images.xcassets; sourceTree = "<group>"; };
		032E763D1B5404FB00500C79 /* Base */ = {isa = PBXFileReference; lastKnownFileType = file.xib; name = Base; path = Base.lproj/LaunchScreen.xib; sourceTree = "<group>"; };
		032E76431B5404FB00500C79 /* ObjCtoSwift_CollectionView-SimpleTests.xctest */ = {isa = PBXFileReference; explicitFileType = wrapper.cfbundle; includeInIndex = 0; path = "ObjCtoSwift_CollectionView-SimpleTests.xctest"; sourceTree = BUILT_PRODUCTS_DIR; };
		032E76481B5404FB00500C79 /* Info.plist */ = {isa = PBXFileReference; lastKnownFileType = text.plist.xml; path = Info.plist; sourceTree = "<group>"; };
		032E76491B5404FB00500C79 /* ObjCtoSwift_CollectionView_SimpleTests.swift */ = {isa = PBXFileReference; lastKnownFileType = sourcecode.swift; path = ObjCtoSwift_CollectionView_SimpleTests.swift; sourceTree = "<group>"; };
/* End PBXFileReference section */

/* Begin PBXFrameworksBuildPhase section */
		032E762B1B5404FB00500C79 /* Frameworks */ = {
			isa = PBXFrameworksBuildPhase;
			buildActionMask = 2147483647;
			files = (
			);
			runOnlyForDeploymentPostprocessing = 0;
		};
		032E76401B5404FB00500C79 /* Frameworks */ = {
			isa = PBXFrameworksBuildPhase;
			buildActionMask = 2147483647;
			files = (
			);
			runOnlyForDeploymentPostprocessing = 0;
		};
/* End PBXFrameworksBuildPhase section */

/* Begin PBXGroup section */
		032E76251B5404FA00500C79 = {
			isa = PBXGroup;
			children = (
				032E76301B5404FB00500C79 /* ObjCtoSwift_CollectionView-Simple */,
				032E76461B5404FB00500C79 /* ObjCtoSwift_CollectionView-SimpleTests */,
				032E762F1B5404FB00500C79 /* Products */,
			);
			sourceTree = "<group>";
		};
		032E762F1B5404FB00500C79 /* Products */ = {
			isa = PBXGroup;
			children = (
				032E762E1B5404FB00500C79 /* ObjCtoSwift_CollectionView-Simple.app */,
				032E76431B5404FB00500C79 /* ObjCtoSwift_CollectionView-SimpleTests.xctest */,
			);
			name = Products;
			sourceTree = "<group>";
		};
		032E76301B5404FB00500C79 /* ObjCtoSwift_CollectionView-Simple */ = {
			isa = PBXGroup;
			children = (
				032E76331B5404FB00500C79 /* AppDelegate.swift */,
				032E76351B5404FB00500C79 /* ViewController.swift */,
				032E76371B5404FB00500C79 /* Main.storyboard */,
				032E763A1B5404FB00500C79 /* Images.xcassets */,
				032E763C1B5404FB00500C79 /* LaunchScreen.xib */,
				032E76311B5404FB00500C79 /* Supporting Files */,
			);
			path = "ObjCtoSwift_CollectionView-Simple";
			sourceTree = "<group>";
		};
		032E76311B5404FB00500C79 /* Supporting Files */ = {
			isa = PBXGroup;
			children = (
				032E76321B5404FB00500C79 /* Info.plist */,
			);
			name = "Supporting Files";
			sourceTree = "<group>";
		};
		032E76461B5404FB00500C79 /* ObjCtoSwift_CollectionView-SimpleTests */ = {
			isa = PBXGroup;
			children = (
				032E76491B5404FB00500C79 /* ObjCtoSwift_CollectionView_SimpleTests.swift */,
				032E76471B5404FB00500C79 /* Supporting Files */,
			);
			path = "ObjCtoSwift_CollectionView-SimpleTests";
			sourceTree = "<group>";
		};
		032E76471B5404FB00500C79 /* Supporting Files */ = {
			isa = PBXGroup;
			children = (
				032E76481B5404FB00500C79 /* Info.plist */,
			);
			name = "Supporting Files";
			sourceTree = "<group>";
		};
/* End PBXGroup section */

/* Begin PBXNativeTarget section */
		032E762D1B5404FB00500C79 /* ObjCtoSwift_CollectionView-Simple */ = {
			isa = PBXNativeTarget;
			buildConfigurationList = 032E764D1B5404FB00500C79 /* Build configuration list for PBXNativeTarget "ObjCtoSwift_CollectionView-Simple" */;
			buildPhases = (
				032E762A1B5404FB00500C79 /* Sources */,
				032E762B1B5404FB00500C79 /* Frameworks */,
				032E762C1B5404FB00500C79 /* Resources */,
			);
			buildRules = (
			);
			dependencies = (
			);
			name = "ObjCtoSwift_CollectionView-Simple";
			productName = "ObjCtoSwift_CollectionView-Simple";
			productReference = 032E762E1B5404FB00500C79 /* ObjCtoSwift_CollectionView-Simple.app */;
			productType = "com.apple.product-type.application";
		};
		032E76421B5404FB00500C79 /* ObjCtoSwift_CollectionView-SimpleTests */ = {
			isa = PBXNativeTarget;
			buildConfigurationList = 032E76501B5404FB00500C79 /* Build configuration list for PBXNativeTarget "ObjCtoSwift_CollectionView-SimpleTests" */;
			buildPhases = (
				032E763F1B5404FB00500C79 /* Sources */,
				032E76401B5404FB00500C79 /* Frameworks */,
				032E76411B5404FB00500C79 /* Resources */,
			);
			buildRules = (
			);
			dependencies = (
				032E76451B5404FB00500C79 /* PBXTargetDependency */,
			);
			name = "ObjCtoSwift_CollectionView-SimpleTests";
			productName = "ObjCtoSwift_CollectionView-SimpleTests";
			productReference = 032E76431B5404FB00500C79 /* ObjCtoSwift_CollectionView-SimpleTests.xctest */;
			productType = "com.apple.product-type.bundle.unit-test";
		};
/* End PBXNativeTarget section */

/* Begin PBXProject section */
		032E76261B5404FA00500C79 /* Project object */ = {
			isa = PBXProject;
			attributes = {
				LastUpgradeCheck = 0640;
				ORGANIZATIONNAME = d;
				TargetAttributes = {
					032E762D1B5404FB00500C79 = {
						CreatedOnToolsVersion = 6.4;
					};
					032E76421B5404FB00500C79 = {
						CreatedOnToolsVersion = 6.4;
						TestTargetID = 032E762D1B5404FB00500C79;
					};
				};
			};
			buildConfigurationList = 032E76291B5404FB00500C79 /* Build configuration list for PBXProject "ObjCtoSwift_CollectionView-Simple" */;
			compatibilityVersion = "Xcode 3.2";
			developmentRegion = English;
			hasScannedForEncodings = 0;
			knownRegions = (
				en,
				Base,
			);
			mainGroup = 032E76251B5404FA00500C79;
			productRefGroup = 032E762F1B5404FB00500C79 /* Products */;
			projectDirPath = "";
			projectRoot = "";
			targets = (
				032E762D1B5404FB00500C79 /* ObjCtoSwift_CollectionView-Simple */,
				032E76421B5404FB00500C79 /* ObjCtoSwift_CollectionView-SimpleTests */,
			);
		};
/* End PBXProject section */

/* Begin PBXResourcesBuildPhase section */
		032E762C1B5404FB00500C79 /* Resources */ = {
			isa = PBXResourcesBuildPhase;
			buildActionMask = 2147483647;
			files = (
				032E76391B5404FB00500C79 /* Main.storyboard in Resources */,
				032E763E1B5404FB00500C79 /* LaunchScreen.xib in Resources */,
				032E763B1B5404FB00500C79 /* Images.xcassets in Resources */,
			);
			runOnlyForDeploymentPostprocessing = 0;
		};
		032E76411B5404FB00500C79 /* Resources */ = {
			isa = PBXResourcesBuildPhase;
			buildActionMask = 2147483647;
			files = (
			);
			runOnlyForDeploymentPostprocessing = 0;
		};
/* End PBXResourcesBuildPhase section */

/* Begin PBXSourcesBuildPhase section */
		032E762A1B5404FB00500C79 /* Sources */ = {
			isa = PBXSourcesBuildPhase;
			buildActionMask = 2147483647;
			files = (
				032E76361B5404FB00500C79 /* ViewController.swift in Sources */,
				032E76341B5404FB00500C79 /* AppDelegate.swift in Sources */,
			);
			runOnlyForDeploymentPostprocessing = 0;
		};
		032E763F1B5404FB00500C79 /* Sources */ = {
			isa = PBXSourcesBuildPhase;
			buildActionMask = 2147483647;
			files = (
				032E764A1B5404FB00500C79 /* ObjCtoSwift_CollectionView_SimpleTests.swift in Sources */,
			);
			runOnlyForDeploymentPostprocessing = 0;
		};
/* End PBXSourcesBuildPhase section */

/* Begin PBXTargetDependency section */
		032E76451B5404FB00500C79 /* PBXTargetDependency */ = {
			isa = PBXTargetDependency;
			target = 032E762D1B5404FB00500C79 /* ObjCtoSwift_CollectionView-Simple */;
			targetProxy = 032E76441B5404FB00500C79 /* PBXContainerItemProxy */;
		};
/* End PBXTargetDependency section */

/* Begin PBXVariantGroup section */
		032E76371B5404FB00500C79 /* Main.storyboard */ = {
			isa = PBXVariantGroup;
			children = (
				032E76381B5404FB00500C79 /* Base */,
			);
			name = Main.storyboard;
			sourceTree = "<group>";
		};
		032E763C1B5404FB00500C79 /* LaunchScreen.xib */ = {
			isa = PBXVariantGroup;
			children = (
				032E763D1B5404FB00500C79 /* Base */,
			);
			name = LaunchScreen.xib;
			sourceTree = "<group>";
		};
/* End PBXVariantGroup section */

/* Begin XCBuildConfiguration section */
		032E764B1B5404FB00500C79 /* Debug */ = {
			isa = XCBuildConfiguration;
			buildSettings = {
				ALWAYS_SEARCH_USER_PATHS = NO;
				CLANG_CXX_LANGUAGE_STANDARD = "gnu++0x";
				CLANG_CXX_LIBRARY = "libc++";
				CLANG_ENABLE_MODULES = YES;
				CLANG_ENABLE_OBJC_ARC = YES;
				CLANG_WARN_BOOL_CONVERSION = YES;
				CLANG_WARN_CONSTANT_CONVERSION = YES;
				CLANG_WARN_DIRECT_OBJC_ISA_USAGE = YES_ERROR;
				CLANG_WARN_EMPTY_BODY = YES;
				CLANG_WARN_ENUM_CONVERSION = YES;
				CLANG_WARN_INT_CONVERSION = YES;
				CLANG_WARN_OBJC_ROOT_CLASS = YES_ERROR;
				CLANG_WARN_UNREACHABLE_CODE = YES;
				CLANG_WARN__DUPLICATE_METHOD_MATCH = YES;
				"CODE_SIGN_IDENTITY[sdk=iphoneos*]" = "iPhone Developer";
				COPY_PHASE_STRIP = NO;
				DEBUG_INFORMATION_FORMAT = "dwarf-with-dsym";
				ENABLE_STRICT_OBJC_MSGSEND = YES;
				GCC_C_LANGUAGE_STANDARD = gnu99;
				GCC_DYNAMIC_NO_PIC = NO;
				GCC_NO_COMMON_BLOCKS = YES;
				GCC_OPTIMIZATION_LEVEL = 0;
				GCC_PREPROCESSOR_DEFINITIONS = (
					"DEBUG=1",
					"$(inherited)",
				);
				GCC_SYMBOLS_PRIVATE_EXTERN = NO;
				GCC_WARN_64_TO_32_BIT_CONVERSION = YES;
				GCC_WARN_ABOUT_RETURN_TYPE = YES_ERROR;
				GCC_WARN_UNDECLARED_SELECTOR = YES;
				GCC_WARN_UNINITIALIZED_AUTOS = YES_AGGRESSIVE;
				GCC_WARN_UNUSED_FUNCTION = YES;
				GCC_WARN_UNUSED_VARIABLE = YES;
				IPHONEOS_DEPLOYMENT_TARGET = 8.4;
				MTL_ENABLE_DEBUG_INFO = YES;
				ONLY_ACTIVE_ARCH = YES;
				SDKROOT = iphoneos;
				SWIFT_OPTIMIZATION_LEVEL = "-Onone";
			};
			name = Debug;
		};
		032E764C1B5404FB00500C79 /* Release */ = {
			isa = XCBuildConfiguration;
			buildSettings = {
				ALWAYS_SEARCH_USER_PATHS = NO;
				CLANG_CXX_LANGUAGE_STANDARD = "gnu++0x";
				CLANG_CXX_LIBRARY = "libc++";
				CLANG_ENABLE_MODULES = YES;
				CLANG_ENABLE_OBJC_ARC = YES;
				CLANG_WARN_BOOL_CONVERSION = YES;
				CLANG_WARN_CONSTANT_CONVERSION = YES;
				CLANG_WARN_DIRECT_OBJC_ISA_USAGE = YES_ERROR;
				CLANG_WARN_EMPTY_BODY = YES;
				CLANG_WARN_ENUM_CONVERSION = YES;
				CLANG_WARN_INT_CONVERSION = YES;
				CLANG_WARN_OBJC_ROOT_CLASS = YES_ERROR;
				CLANG_WARN_UNREACHABLE_CODE = YES;
				CLANG_WARN__DUPLICATE_METHOD_MATCH = YES;
				"CODE_SIGN_IDENTITY[sdk=iphoneos*]" = "iPhone Developer";
				COPY_PHASE_STRIP = NO;
				DEBUG_INFORMATION_FORMAT = "dwarf-with-dsym";
				ENABLE_NS_ASSERTIONS = NO;
				ENABLE_STRICT_OBJC_MSGSEND = YES;
				GCC_C_LANGUAGE_STANDARD = gnu99;
				GCC_NO_COMMON_BLOCKS = YES;
				GCC_WARN_64_TO_32_BIT_CONVERSION = YES;
				GCC_WARN_ABOUT_RETURN_TYPE = YES_ERROR;
				GCC_WARN_UNDECLARED_SELECTOR = YES;
				GCC_WARN_UNINITIALIZED_AUTOS = YES_AGGRESSIVE;
				GCC_WARN_UNUSED_FUNCTION = YES;
				GCC_WARN_UNUSED_VARIABLE = YES;
				IPHONEOS_DEPLOYMENT_TARGET = 8.4;
				MTL_ENABLE_DEBUG_INFO = NO;
				SDKROOT = iphoneos;
				VALIDATE_PRODUCT = YES;
			};
			name = Release;
		};
		032E764E1B5404FB00500C79 /* Debug */ = {
			isa = XCBuildConfiguration;
			buildSettings = {
				ASSETCATALOG_COMPILER_APPICON_NAME = AppIcon;
				INFOPLIST_FILE = "ObjCtoSwift_CollectionView-Simple/Info.plist";
				LD_RUNPATH_SEARCH_PATHS = "$(inherited) @executable_path/Frameworks";
				PRODUCT_NAME = "$(TARGET_NAME)";
			};
			name = Debug;
		};
		032E764F1B5404FB00500C79 /* Release */ = {
			isa = XCBuildConfiguration;
			buildSettings = {
				ASSETCATALOG_COMPILER_APPICON_NAME = AppIcon;
				INFOPLIST_FILE = "ObjCtoSwift_CollectionView-Simple/Info.plist";
				LD_RUNPATH_SEARCH_PATHS = "$(inherited) @executable_path/Frameworks";
				PRODUCT_NAME = "$(TARGET_NAME)";
			};
			name = Release;
		};
		032E76511B5404FB00500C79 /* Debug */ = {
			isa = XCBuildConfiguration;
			buildSettings = {
				BUNDLE_LOADER = "$(TEST_HOST)";
				FRAMEWORK_SEARCH_PATHS = (
					"$(SDKROOT)/Developer/Library/Frameworks",
					"$(inherited)",
				);
				GCC_PREPROCESSOR_DEFINITIONS = (
					"DEBUG=1",
					"$(inherited)",
				);
				INFOPLIST_FILE = "ObjCtoSwift_CollectionView-SimpleTests/Info.plist";
				LD_RUNPATH_SEARCH_PATHS = "$(inherited) @executable_path/Frameworks @loader_path/Frameworks";
				PRODUCT_NAME = "$(TARGET_NAME)";
				TEST_HOST = "$(BUILT_PRODUCTS_DIR)/ObjCtoSwift_CollectionView-Simple.app/ObjCtoSwift_CollectionView-Simple";
			};
			name = Debug;
		};
		032E76521B5404FB00500C79 /* Release */ = {
			isa = XCBuildConfiguration;
			buildSettings = {
				BUNDLE_LOADER = "$(TEST_HOST)";
				FRAMEWORK_SEARCH_PATHS = (
					"$(SDKROOT)/Developer/Library/Frameworks",
					"$(inherited)",
				);
				INFOPLIST_FILE = "ObjCtoSwift_CollectionView-SimpleTests/Info.plist";
				LD_RUNPATH_SEARCH_PATHS = "$(inherited) @executable_path/Frameworks @loader_path/Frameworks";
				PRODUCT_NAME = "$(TARGET_NAME)";
				TEST_HOST = "$(BUILT_PRODUCTS_DIR)/ObjCtoSwift_CollectionView-Simple.app/ObjCtoSwift_CollectionView-Simple";
			};
			name = Release;
		};
/* End XCBuildConfiguration section */

/* Begin XCConfigurationList section */
		032E76291B5404FB00500C79 /* Build configuration list for PBXProject "ObjCtoSwift_CollectionView-Simple" */ = {
			isa = XCConfigurationList;
			buildConfigurations = (
				032E764B1B5404FB00500C79 /* Debug */,
				032E764C1B5404FB00500C79 /* Release */,
			);
			defaultConfigurationIsVisible = 0;
			defaultConfigurationName = Release;
		};
		032E764D1B5404FB00500C79 /* Build configuration list for PBXNativeTarget "ObjCtoSwift_CollectionView-Simple" */ = {
			isa = XCConfigurationList;
			buildConfigurations = (
				032E764E1B5404FB00500C79 /* Debug */,
				032E764F1B5404FB00500C79 /* Release */,
			);
			defaultConfigurationIsVisible = 0;
		};
		032E76501B5404FB00500C79 /* Build configuration list for PBXNativeTarget "ObjCtoSwift_CollectionView-SimpleTests" */ = {
			isa = XCConfigurationList;
			buildConfigurations = (
				032E76511B5404FB00500C79 /* Debug */,
				032E76521B5404FB00500C79 /* Release */,
			);
			defaultConfigurationIsVisible = 0;
		};
/* End XCConfigurationList section */
	};
	rootObject = 032E76261B5404FA00500C79 /* Project object */;
}
